// !$*UTF8*$!
{
	archiveVersion = 1;
	classes = {
	};
	objectVersion = 56;
	objects = {

/* Begin PBXBuildFile section */
		C2176B3C2AE082B6007E282A /* App_RecreateApp.swift in Sources */ = {isa = PBXBuildFile; fileRef = C2176B3B2AE082B6007E282A /* App_RecreateApp.swift */; };
		C2176B3E2AE082B6007E282A /* ContentView.swift in Sources */ = {isa = PBXBuildFile; fileRef = C2176B3D2AE082B6007E282A /* ContentView.swift */; };
		C2176B402AE082BA007E282A /* Assets.xcassets in Resources */ = {isa = PBXBuildFile; fileRef = C2176B3F2AE082BA007E282A /* Assets.xcassets */; };
		C2176B442AE082BA007E282A /* Preview Assets.xcassets in Resources */ = {isa = PBXBuildFile; fileRef = C2176B432AE082BA007E282A /* Preview Assets.xcassets */; };
		C2176B4E2AE082BB007E282A /* App_RecreateTests.swift in Sources */ = {isa = PBXBuildFile; fileRef = C2176B4D2AE082BB007E282A /* App_RecreateTests.swift */; };
		C2176B582AE082BB007E282A /* App_RecreateUITests.swift in Sources */ = {isa = PBXBuildFile; fileRef = C2176B572AE082BB007E282A /* App_RecreateUITests.swift */; };
		C2176B5A2AE082BB007E282A /* App_RecreateUITestsLaunchTests.swift in Sources */ = {isa = PBXBuildFile; fileRef = C2176B592AE082BB007E282A /* App_RecreateUITestsLaunchTests.swift */; };
		C2176B672AE0838B007E282A /* HomeView.swift in Sources */ = {isa = PBXBuildFile; fileRef = C2176B662AE0838B007E282A /* HomeView.swift */; };
		C2176B692AE083A3007E282A /* LikeView.swift in Sources */ = {isa = PBXBuildFile; fileRef = C2176B682AE083A3007E282A /* LikeView.swift */; };
		C2176B6B2AE08770007E282A /* LocalDetailView.swift in Sources */ = {isa = PBXBuildFile; fileRef = C2176B6A2AE08770007E282A /* LocalDetailView.swift */; };
		C2176B6D2AE08783007E282A /* GlobalDetailView.swift in Sources */ = {isa = PBXBuildFile; fileRef = C2176B6C2AE08783007E282A /* GlobalDetailView.swift */; };
		C2176B702AE0AA37007E282A /* Restaurant.swift in Sources */ = {isa = PBXBuildFile; fileRef = C2176B6F2AE0AA37007E282A /* Restaurant.swift */; };
		C2176B742AE5D7C2007E282A /* GaiaMasalaView.swift in Sources */ = {isa = PBXBuildFile; fileRef = C2176B732AE5D7C1007E282A /* GaiaMasalaView.swift */; };
		C2176B762AE5E5F0007E282A /* RestaurantViewModel.swift in Sources */ = {isa = PBXBuildFile; fileRef = C2176B752AE5E5F0007E282A /* RestaurantViewModel.swift */; };
		C21DB9952AE63AB80052E949 /* RestaurantDetailViewModel.swift in Sources */ = {isa = PBXBuildFile; fileRef = C21DB9942AE63AB80052E949 /* RestaurantDetailViewModel.swift */; };
		C21DB9972AE66B210052E949 /* JapangoView.swift in Sources */ = {isa = PBXBuildFile; fileRef = C21DB9962AE66B210052E949 /* JapangoView.swift */; };
		C21DB9992AE66C9E0052E949 /* CentralView.swift in Sources */ = {isa = PBXBuildFile; fileRef = C21DB9982AE66C9E0052E949 /* CentralView.swift */; };
		C21DB99B2AE66CB70052E949 /* DisfrutarView.swift in Sources */ = {isa = PBXBuildFile; fileRef = C21DB99A2AE66CB70052E949 /* DisfrutarView.swift */; };
/* End PBXBuildFile section */

/* Begin PBXContainerItemProxy section */
		C2176B4A2AE082BB007E282A /* PBXContainerItemProxy */ = {
			isa = PBXContainerItemProxy;
			containerPortal = C2176B302AE082B6007E282A /* Project object */;
			proxyType = 1;
			remoteGlobalIDString = C2176B372AE082B6007E282A;
			remoteInfo = "App Recreate";
		};
		C2176B542AE082BB007E282A /* PBXContainerItemProxy */ = {
			isa = PBXContainerItemProxy;
			containerPortal = C2176B302AE082B6007E282A /* Project object */;
			proxyType = 1;
			remoteGlobalIDString = C2176B372AE082B6007E282A;
			remoteInfo = "App Recreate";
		};
/* End PBXContainerItemProxy section */

/* Begin PBXFileReference section */
		C2176B382AE082B6007E282A /* App Recreate.app */ = {isa = PBXFileReference; explicitFileType = wrapper.application; includeInIndex = 0; path = "App Recreate.app"; sourceTree = BUILT_PRODUCTS_DIR; };
		C2176B3B2AE082B6007E282A /* App_RecreateApp.swift */ = {isa = PBXFileReference; lastKnownFileType = sourcecode.swift; path = App_RecreateApp.swift; sourceTree = "<group>"; };
		C2176B3D2AE082B6007E282A /* ContentView.swift */ = {isa = PBXFileReference; lastKnownFileType = sourcecode.swift; path = ContentView.swift; sourceTree = "<group>"; };
		C2176B3F2AE082BA007E282A /* Assets.xcassets */ = {isa = PBXFileReference; lastKnownFileType = folder.assetcatalog; path = Assets.xcassets; sourceTree = "<group>"; };
		C2176B412AE082BA007E282A /* App_Recreate.entitlements */ = {isa = PBXFileReference; lastKnownFileType = text.plist.entitlements; path = App_Recreate.entitlements; sourceTree = "<group>"; };
		C2176B432AE082BA007E282A /* Preview Assets.xcassets */ = {isa = PBXFileReference; lastKnownFileType = folder.assetcatalog; path = "Preview Assets.xcassets"; sourceTree = "<group>"; };
		C2176B492AE082BB007E282A /* App RecreateTests.xctest */ = {isa = PBXFileReference; explicitFileType = wrapper.cfbundle; includeInIndex = 0; path = "App RecreateTests.xctest"; sourceTree = BUILT_PRODUCTS_DIR; };
		C2176B4D2AE082BB007E282A /* App_RecreateTests.swift */ = {isa = PBXFileReference; lastKnownFileType = sourcecode.swift; path = App_RecreateTests.swift; sourceTree = "<group>"; };
		C2176B532AE082BB007E282A /* App RecreateUITests.xctest */ = {isa = PBXFileReference; explicitFileType = wrapper.cfbundle; includeInIndex = 0; path = "App RecreateUITests.xctest"; sourceTree = BUILT_PRODUCTS_DIR; };
		C2176B572AE082BB007E282A /* App_RecreateUITests.swift */ = {isa = PBXFileReference; lastKnownFileType = sourcecode.swift; path = App_RecreateUITests.swift; sourceTree = "<group>"; };
		C2176B592AE082BB007E282A /* App_RecreateUITestsLaunchTests.swift */ = {isa = PBXFileReference; lastKnownFileType = sourcecode.swift; path = App_RecreateUITestsLaunchTests.swift; sourceTree = "<group>"; };
		C2176B662AE0838B007E282A /* HomeView.swift */ = {isa = PBXFileReference; lastKnownFileType = sourcecode.swift; path = HomeView.swift; sourceTree = "<group>"; };
		C2176B682AE083A3007E282A /* LikeView.swift */ = {isa = PBXFileReference; lastKnownFileType = sourcecode.swift; path = LikeView.swift; sourceTree = "<group>"; };
		C2176B6A2AE08770007E282A /* LocalDetailView.swift */ = {isa = PBXFileReference; lastKnownFileType = sourcecode.swift; path = LocalDetailView.swift; sourceTree = "<group>"; };
		C2176B6C2AE08783007E282A /* GlobalDetailView.swift */ = {isa = PBXFileReference; lastKnownFileType = sourcecode.swift; path = GlobalDetailView.swift; sourceTree = "<group>"; };
		C2176B6F2AE0AA37007E282A /* Restaurant.swift */ = {isa = PBXFileReference; lastKnownFileType = sourcecode.swift; path = Restaurant.swift; sourceTree = "<group>"; };
		C2176B732AE5D7C1007E282A /* GaiaMasalaView.swift */ = {isa = PBXFileReference; lastKnownFileType = sourcecode.swift; path = GaiaMasalaView.swift; sourceTree = "<group>"; };
		C2176B752AE5E5F0007E282A /* RestaurantViewModel.swift */ = {isa = PBXFileReference; lastKnownFileType = sourcecode.swift; path = RestaurantViewModel.swift; sourceTree = "<group>"; };
		C21DB9942AE63AB80052E949 /* RestaurantDetailViewModel.swift */ = {isa = PBXFileReference; lastKnownFileType = sourcecode.swift; path = RestaurantDetailViewModel.swift; sourceTree = "<group>"; };
		C21DB9962AE66B210052E949 /* JapangoView.swift */ = {isa = PBXFileReference; lastKnownFileType = sourcecode.swift; path = JapangoView.swift; sourceTree = "<group>"; };
		C21DB9982AE66C9E0052E949 /* CentralView.swift */ = {isa = PBXFileReference; lastKnownFileType = sourcecode.swift; path = CentralView.swift; sourceTree = "<group>"; };
		C21DB99A2AE66CB70052E949 /* DisfrutarView.swift */ = {isa = PBXFileReference; lastKnownFileType = sourcecode.swift; path = DisfrutarView.swift; sourceTree = "<group>"; };
/* End PBXFileReference section */

/* Begin PBXFrameworksBuildPhase section */
		C2176B352AE082B6007E282A /* Frameworks */ = {
			isa = PBXFrameworksBuildPhase;
			buildActionMask = 2147483647;
			files = (
			);
			runOnlyForDeploymentPostprocessing = 0;
		};
		C2176B462AE082BB007E282A /* Frameworks */ = {
			isa = PBXFrameworksBuildPhase;
			buildActionMask = 2147483647;
			files = (
			);
			runOnlyForDeploymentPostprocessing = 0;
		};
		C2176B502AE082BB007E282A /* Frameworks */ = {
			isa = PBXFrameworksBuildPhase;
			buildActionMask = 2147483647;
			files = (
			);
			runOnlyForDeploymentPostprocessing = 0;
		};
/* End PBXFrameworksBuildPhase section */

/* Begin PBXGroup section */
		C2176B2F2AE082B6007E282A = {
			isa = PBXGroup;
			children = (
				C2176B3A2AE082B6007E282A /* App Recreate */,
				C2176B4C2AE082BB007E282A /* App RecreateTests */,
				C2176B562AE082BB007E282A /* App RecreateUITests */,
				C2176B392AE082B6007E282A /* Products */,
			);
			sourceTree = "<group>";
		};
		C2176B392AE082B6007E282A /* Products */ = {
			isa = PBXGroup;
			children = (
				C2176B382AE082B6007E282A /* App Recreate.app */,
				C2176B492AE082BB007E282A /* App RecreateTests.xctest */,
				C2176B532AE082BB007E282A /* App RecreateUITests.xctest */,
			);
			name = Products;
			sourceTree = "<group>";
		};
		C2176B3A2AE082B6007E282A /* App Recreate */ = {
			isa = PBXGroup;
			children = (
				C2176B3B2AE082B6007E282A /* App_RecreateApp.swift */,
				C2176B3D2AE082B6007E282A /* ContentView.swift */,
				C2176B662AE0838B007E282A /* HomeView.swift */,
				C2176B682AE083A3007E282A /* LikeView.swift */,
				C2176B6E2AE08790007E282A /* Detail Views */,
				C21DB99C2AE675A70052E949 /* Restaurants */,
				C21DB99E2AE675F30052E949 /* ViewModel */,
				C21DB99D2AE675E50052E949 /* Model */,
				C2176B3F2AE082BA007E282A /* Assets.xcassets */,
				C2176B412AE082BA007E282A /* App_Recreate.entitlements */,
				C2176B422AE082BA007E282A /* Preview Content */,
			);
			path = "App Recreate";
			sourceTree = "<group>";
		};
		C2176B422AE082BA007E282A /* Preview Content */ = {
			isa = PBXGroup;
			children = (
				C2176B432AE082BA007E282A /* Preview Assets.xcassets */,
			);
			path = "Preview Content";
			sourceTree = "<group>";
		};
		C2176B4C2AE082BB007E282A /* App RecreateTests */ = {
			isa = PBXGroup;
			children = (
				C2176B4D2AE082BB007E282A /* App_RecreateTests.swift */,
			);
			path = "App RecreateTests";
			sourceTree = "<group>";
		};
		C2176B562AE082BB007E282A /* App RecreateUITests */ = {
			isa = PBXGroup;
			children = (
				C2176B572AE082BB007E282A /* App_RecreateUITests.swift */,
				C2176B592AE082BB007E282A /* App_RecreateUITestsLaunchTests.swift */,
			);
			path = "App RecreateUITests";
			sourceTree = "<group>";
		};
		C2176B6E2AE08790007E282A /* Detail Views */ = {
			isa = PBXGroup;
			children = (
				C2176B6A2AE08770007E282A /* LocalDetailView.swift */,
				C2176B6C2AE08783007E282A /* GlobalDetailView.swift */,
			);
			path = "Detail Views";
			sourceTree = "<group>";
		};
		C21DB99C2AE675A70052E949 /* Restaurants */ = {
			isa = PBXGroup;
			children = (
				C2176B732AE5D7C1007E282A /* GaiaMasalaView.swift */,
				C21DB9962AE66B210052E949 /* JapangoView.swift */,
				C21DB9982AE66C9E0052E949 /* CentralView.swift */,
				C21DB99A2AE66CB70052E949 /* DisfrutarView.swift */,
			);
			path = Restaurants;
			sourceTree = "<group>";
		};
		C21DB99D2AE675E50052E949 /* Model */ = {
			isa = PBXGroup;
			children = (
				C2176B6F2AE0AA37007E282A /* Restaurant.swift */,
			);
			path = Model;
			sourceTree = "<group>";
		};
		C21DB99E2AE675F30052E949 /* ViewModel */ = {
			isa = PBXGroup;
			children = (
				C2176B752AE5E5F0007E282A /* RestaurantViewModel.swift */,
				C21DB9942AE63AB80052E949 /* RestaurantDetailViewModel.swift */,
			);
			path = ViewModel;
			sourceTree = "<group>";
		};
/* End PBXGroup section */

/* Begin PBXNativeTarget section */
		C2176B372AE082B6007E282A /* App Recreate */ = {
			isa = PBXNativeTarget;
			buildConfigurationList = C2176B5D2AE082BB007E282A /* Build configuration list for PBXNativeTarget "App Recreate" */;
			buildPhases = (
				C2176B342AE082B6007E282A /* Sources */,
				C2176B352AE082B6007E282A /* Frameworks */,
				C2176B362AE082B6007E282A /* Resources */,
			);
			buildRules = (
			);
			dependencies = (
			);
			name = "App Recreate";
			productName = "App Recreate";
			productReference = C2176B382AE082B6007E282A /* App Recreate.app */;
			productType = "com.apple.product-type.application";
		};
		C2176B482AE082BB007E282A /* App RecreateTests */ = {
			isa = PBXNativeTarget;
			buildConfigurationList = C2176B602AE082BB007E282A /* Build configuration list for PBXNativeTarget "App RecreateTests" */;
			buildPhases = (
				C2176B452AE082BB007E282A /* Sources */,
				C2176B462AE082BB007E282A /* Frameworks */,
				C2176B472AE082BB007E282A /* Resources */,
			);
			buildRules = (
			);
			dependencies = (
				C2176B4B2AE082BB007E282A /* PBXTargetDependency */,
			);
			name = "App RecreateTests";
			productName = "App RecreateTests";
			productReference = C2176B492AE082BB007E282A /* App RecreateTests.xctest */;
			productType = "com.apple.product-type.bundle.unit-test";
		};
		C2176B522AE082BB007E282A /* App RecreateUITests */ = {
			isa = PBXNativeTarget;
			buildConfigurationList = C2176B632AE082BB007E282A /* Build configuration list for PBXNativeTarget "App RecreateUITests" */;
			buildPhases = (
				C2176B4F2AE082BB007E282A /* Sources */,
				C2176B502AE082BB007E282A /* Frameworks */,
				C2176B512AE082BB007E282A /* Resources */,
			);
			buildRules = (
			);
			dependencies = (
				C2176B552AE082BB007E282A /* PBXTargetDependency */,
			);
			name = "App RecreateUITests";
			productName = "App RecreateUITests";
			productReference = C2176B532AE082BB007E282A /* App RecreateUITests.xctest */;
			productType = "com.apple.product-type.bundle.ui-testing";
		};
/* End PBXNativeTarget section */

/* Begin PBXProject section */
		C2176B302AE082B6007E282A /* Project object */ = {
			isa = PBXProject;
			attributes = {
				BuildIndependentTargetsInParallel = 1;
				LastSwiftUpdateCheck = 1500;
				LastUpgradeCheck = 1500;
				TargetAttributes = {
					C2176B372AE082B6007E282A = {
						CreatedOnToolsVersion = 15.0;
					};
					C2176B482AE082BB007E282A = {
						CreatedOnToolsVersion = 15.0;
						TestTargetID = C2176B372AE082B6007E282A;
					};
					C2176B522AE082BB007E282A = {
						CreatedOnToolsVersion = 15.0;
						TestTargetID = C2176B372AE082B6007E282A;
					};
				};
			};
			buildConfigurationList = C2176B332AE082B6007E282A /* Build configuration list for PBXProject "App Recreate" */;
			compatibilityVersion = "Xcode 14.0";
			developmentRegion = en;
			hasScannedForEncodings = 0;
			knownRegions = (
				en,
				Base,
			);
			mainGroup = C2176B2F2AE082B6007E282A;
			productRefGroup = C2176B392AE082B6007E282A /* Products */;
			projectDirPath = "";
			projectRoot = "";
			targets = (
				C2176B372AE082B6007E282A /* App Recreate */,
				C2176B482AE082BB007E282A /* App RecreateTests */,
				C2176B522AE082BB007E282A /* App RecreateUITests */,
			);
		};
/* End PBXProject section */

/* Begin PBXResourcesBuildPhase section */
		C2176B362AE082B6007E282A /* Resources */ = {
			isa = PBXResourcesBuildPhase;
			buildActionMask = 2147483647;
			files = (
				C2176B442AE082BA007E282A /* Preview Assets.xcassets in Resources */,
				C2176B402AE082BA007E282A /* Assets.xcassets in Resources */,
			);
			runOnlyForDeploymentPostprocessing = 0;
		};
		C2176B472AE082BB007E282A /* Resources */ = {
			isa = PBXResourcesBuildPhase;
			buildActionMask = 2147483647;
			files = (
			);
			runOnlyForDeploymentPostprocessing = 0;
		};
		C2176B512AE082BB007E282A /* Resources */ = {
			isa = PBXResourcesBuildPhase;
			buildActionMask = 2147483647;
			files = (
			);
			runOnlyForDeploymentPostprocessing = 0;
		};
/* End PBXResourcesBuildPhase section */

/* Begin PBXSourcesBuildPhase section */
		C2176B342AE082B6007E282A /* Sources */ = {
			isa = PBXSourcesBuildPhase;
			buildActionMask = 2147483647;
			files = (
				C21DB9992AE66C9E0052E949 /* CentralView.swift in Sources */,
				C2176B6D2AE08783007E282A /* GlobalDetailView.swift in Sources */,
				C2176B6B2AE08770007E282A /* LocalDetailView.swift in Sources */,
				C21DB99B2AE66CB70052E949 /* DisfrutarView.swift in Sources */,
				C21DB9952AE63AB80052E949 /* RestaurantDetailViewModel.swift in Sources */,
				C2176B742AE5D7C2007E282A /* GaiaMasalaView.swift in Sources */,
				C2176B702AE0AA37007E282A /* Restaurant.swift in Sources */,
				C2176B672AE0838B007E282A /* HomeView.swift in Sources */,
				C2176B692AE083A3007E282A /* LikeView.swift in Sources */,
				C21DB9972AE66B210052E949 /* JapangoView.swift in Sources */,
				C2176B762AE5E5F0007E282A /* RestaurantViewModel.swift in Sources */,
				C2176B3E2AE082B6007E282A /* ContentView.swift in Sources */,
				C2176B3C2AE082B6007E282A /* App_RecreateApp.swift in Sources */,
			);
			runOnlyForDeploymentPostprocessing = 0;
		};
		C2176B452AE082BB007E282A /* Sources */ = {
			isa = PBXSourcesBuildPhase;
			buildActionMask = 2147483647;
			files = (
				C2176B4E2AE082BB007E282A /* App_RecreateTests.swift in Sources */,
			);
			runOnlyForDeploymentPostprocessing = 0;
		};
		C2176B4F2AE082BB007E282A /* Sources */ = {
			isa = PBXSourcesBuildPhase;
			buildActionMask = 2147483647;
			files = (
				C2176B582AE082BB007E282A /* App_RecreateUITests.swift in Sources */,
				C2176B5A2AE082BB007E282A /* App_RecreateUITestsLaunchTests.swift in Sources */,
			);
			runOnlyForDeploymentPostprocessing = 0;
		};
/* End PBXSourcesBuildPhase section */

/* Begin PBXTargetDependency section */
		C2176B4B2AE082BB007E282A /* PBXTargetDependency */ = {
			isa = PBXTargetDependency;
			target = C2176B372AE082B6007E282A /* App Recreate */;
			targetProxy = C2176B4A2AE082BB007E282A /* PBXContainerItemProxy */;
		};
		C2176B552AE082BB007E282A /* PBXTargetDependency */ = {
			isa = PBXTargetDependency;
			target = C2176B372AE082B6007E282A /* App Recreate */;
			targetProxy = C2176B542AE082BB007E282A /* PBXContainerItemProxy */;
		};
/* End PBXTargetDependency section */

/* Begin XCBuildConfiguration section */
		C2176B5B2AE082BB007E282A /* Debug */ = {
			isa = XCBuildConfiguration;
			buildSettings = {
				ALWAYS_SEARCH_USER_PATHS = NO;
				ASSETCATALOG_COMPILER_GENERATE_SWIFT_ASSET_SYMBOL_EXTENSIONS = YES;
				CLANG_ANALYZER_NONNULL = YES;
				CLANG_ANALYZER_NUMBER_OBJECT_CONVERSION = YES_AGGRESSIVE;
				CLANG_CXX_LANGUAGE_STANDARD = "gnu++20";
				CLANG_ENABLE_MODULES = YES;
				CLANG_ENABLE_OBJC_ARC = YES;
				CLANG_ENABLE_OBJC_WEAK = YES;
				CLANG_WARN_BLOCK_CAPTURE_AUTORELEASING = YES;
				CLANG_WARN_BOOL_CONVERSION = YES;
				CLANG_WARN_COMMA = YES;
				CLANG_WARN_CONSTANT_CONVERSION = YES;
				CLANG_WARN_DEPRECATED_OBJC_IMPLEMENTATIONS = YES;
				CLANG_WARN_DIRECT_OBJC_ISA_USAGE = YES_ERROR;
				CLANG_WARN_DOCUMENTATION_COMMENTS = YES;
				CLANG_WARN_EMPTY_BODY = YES;
				CLANG_WARN_ENUM_CONVERSION = YES;
				CLANG_WARN_INFINITE_RECURSION = YES;
				CLANG_WARN_INT_CONVERSION = YES;
				CLANG_WARN_NON_LITERAL_NULL_CONVERSION = YES;
				CLANG_WARN_OBJC_IMPLICIT_RETAIN_SELF = YES;
				CLANG_WARN_OBJC_LITERAL_CONVERSION = YES;
				CLANG_WARN_OBJC_ROOT_CLASS = YES_ERROR;
				CLANG_WARN_QUOTED_INCLUDE_IN_FRAMEWORK_HEADER = YES;
				CLANG_WARN_RANGE_LOOP_ANALYSIS = YES;
				CLANG_WARN_STRICT_PROTOTYPES = YES;
				CLANG_WARN_SUSPICIOUS_MOVE = YES;
				CLANG_WARN_UNGUARDED_AVAILABILITY = YES_AGGRESSIVE;
				CLANG_WARN_UNREACHABLE_CODE = YES;
				CLANG_WARN__DUPLICATE_METHOD_MATCH = YES;
				COPY_PHASE_STRIP = NO;
				DEBUG_INFORMATION_FORMAT = dwarf;
				ENABLE_STRICT_OBJC_MSGSEND = YES;
				ENABLE_TESTABILITY = YES;
				ENABLE_USER_SCRIPT_SANDBOXING = YES;
				GCC_C_LANGUAGE_STANDARD = gnu17;
				GCC_DYNAMIC_NO_PIC = NO;
				GCC_NO_COMMON_BLOCKS = YES;
				GCC_OPTIMIZATION_LEVEL = 0;
				GCC_PREPROCESSOR_DEFINITIONS = (
					"DEBUG=1",
					"$(inherited)",
				);
				GCC_WARN_64_TO_32_BIT_CONVERSION = YES;
				GCC_WARN_ABOUT_RETURN_TYPE = YES_ERROR;
				GCC_WARN_UNDECLARED_SELECTOR = YES;
				GCC_WARN_UNINITIALIZED_AUTOS = YES_AGGRESSIVE;
				GCC_WARN_UNUSED_FUNCTION = YES;
				GCC_WARN_UNUSED_VARIABLE = YES;
				LOCALIZATION_PREFERS_STRING_CATALOGS = YES;
				MTL_ENABLE_DEBUG_INFO = INCLUDE_SOURCE;
				MTL_FAST_MATH = YES;
				ONLY_ACTIVE_ARCH = YES;
				SWIFT_ACTIVE_COMPILATION_CONDITIONS = "DEBUG $(inherited)";
				SWIFT_OPTIMIZATION_LEVEL = "-Onone";
			};
			name = Debug;
		};
		C2176B5C2AE082BB007E282A /* Release */ = {
			isa = XCBuildConfiguration;
			buildSettings = {
				ALWAYS_SEARCH_USER_PATHS = NO;
				ASSETCATALOG_COMPILER_GENERATE_SWIFT_ASSET_SYMBOL_EXTENSIONS = YES;
				CLANG_ANALYZER_NONNULL = YES;
				CLANG_ANALYZER_NUMBER_OBJECT_CONVERSION = YES_AGGRESSIVE;
				CLANG_CXX_LANGUAGE_STANDARD = "gnu++20";
				CLANG_ENABLE_MODULES = YES;
				CLANG_ENABLE_OBJC_ARC = YES;
				CLANG_ENABLE_OBJC_WEAK = YES;
				CLANG_WARN_BLOCK_CAPTURE_AUTORELEASING = YES;
				CLANG_WARN_BOOL_CONVERSION = YES;
				CLANG_WARN_COMMA = YES;
				CLANG_WARN_CONSTANT_CONVERSION = YES;
				CLANG_WARN_DEPRECATED_OBJC_IMPLEMENTATIONS = YES;
				CLANG_WARN_DIRECT_OBJC_ISA_USAGE = YES_ERROR;
				CLANG_WARN_DOCUMENTATION_COMMENTS = YES;
				CLANG_WARN_EMPTY_BODY = YES;
				CLANG_WARN_ENUM_CONVERSION = YES;
				CLANG_WARN_INFINITE_RECURSION = YES;
				CLANG_WARN_INT_CONVERSION = YES;
				CLANG_WARN_NON_LITERAL_NULL_CONVERSION = YES;
				CLANG_WARN_OBJC_IMPLICIT_RETAIN_SELF = YES;
				CLANG_WARN_OBJC_LITERAL_CONVERSION = YES;
				CLANG_WARN_OBJC_ROOT_CLASS = YES_ERROR;
				CLANG_WARN_QUOTED_INCLUDE_IN_FRAMEWORK_HEADER = YES;
				CLANG_WARN_RANGE_LOOP_ANALYSIS = YES;
				CLANG_WARN_STRICT_PROTOTYPES = YES;
				CLANG_WARN_SUSPICIOUS_MOVE = YES;
				CLANG_WARN_UNGUARDED_AVAILABILITY = YES_AGGRESSIVE;
				CLANG_WARN_UNREACHABLE_CODE = YES;
				CLANG_WARN__DUPLICATE_METHOD_MATCH = YES;
				COPY_PHASE_STRIP = NO;
				DEBUG_INFORMATION_FORMAT = "dwarf-with-dsym";
				ENABLE_NS_ASSERTIONS = NO;
				ENABLE_STRICT_OBJC_MSGSEND = YES;
				ENABLE_USER_SCRIPT_SANDBOXING = YES;
				GCC_C_LANGUAGE_STANDARD = gnu17;
				GCC_NO_COMMON_BLOCKS = YES;
				GCC_WARN_64_TO_32_BIT_CONVERSION = YES;
				GCC_WARN_ABOUT_RETURN_TYPE = YES_ERROR;
				GCC_WARN_UNDECLARED_SELECTOR = YES;
				GCC_WARN_UNINITIALIZED_AUTOS = YES_AGGRESSIVE;
				GCC_WARN_UNUSED_FUNCTION = YES;
				GCC_WARN_UNUSED_VARIABLE = YES;
				LOCALIZATION_PREFERS_STRING_CATALOGS = YES;
				MTL_ENABLE_DEBUG_INFO = NO;
				MTL_FAST_MATH = YES;
				SWIFT_COMPILATION_MODE = wholemodule;
			};
			name = Release;
		};
		C2176B5E2AE082BB007E282A /* Debug */ = {
			isa = XCBuildConfiguration;
			buildSettings = {
				ASSETCATALOG_COMPILER_APPICON_NAME = AppIcon;
				ASSETCATALOG_COMPILER_GLOBAL_ACCENT_COLOR_NAME = AccentColor;
				CODE_SIGN_ENTITLEMENTS = "App Recreate/App_Recreate.entitlements";
				CODE_SIGN_STYLE = Automatic;
				CURRENT_PROJECT_VERSION = 1;
				DEVELOPMENT_ASSET_PATHS = "\"App Recreate/Preview Content\"";
				ENABLE_PREVIEWS = YES;
				GENERATE_INFOPLIST_FILE = YES;
				"INFOPLIST_KEY_UIApplicationSceneManifest_Generation[sdk=iphoneos*]" = YES;
				"INFOPLIST_KEY_UIApplicationSceneManifest_Generation[sdk=iphonesimulator*]" = YES;
				"INFOPLIST_KEY_UIApplicationSupportsIndirectInputEvents[sdk=iphoneos*]" = YES;
				"INFOPLIST_KEY_UIApplicationSupportsIndirectInputEvents[sdk=iphonesimulator*]" = YES;
				"INFOPLIST_KEY_UILaunchScreen_Generation[sdk=iphoneos*]" = YES;
				"INFOPLIST_KEY_UILaunchScreen_Generation[sdk=iphonesimulator*]" = YES;
				"INFOPLIST_KEY_UIStatusBarStyle[sdk=iphoneos*]" = UIStatusBarStyleDefault;
				"INFOPLIST_KEY_UIStatusBarStyle[sdk=iphonesimulator*]" = UIStatusBarStyleDefault;
				INFOPLIST_KEY_UISupportedInterfaceOrientations_iPad = "UIInterfaceOrientationPortrait UIInterfaceOrientationPortraitUpsideDown UIInterfaceOrientationLandscapeLeft UIInterfaceOrientationLandscapeRight";
				INFOPLIST_KEY_UISupportedInterfaceOrientations_iPhone = "UIInterfaceOrientationPortrait UIInterfaceOrientationLandscapeLeft UIInterfaceOrientationLandscapeRight";
				IPHONEOS_DEPLOYMENT_TARGET = 17.0;
				LD_RUNPATH_SEARCH_PATHS = "@executable_path/Frameworks";
				"LD_RUNPATH_SEARCH_PATHS[sdk=macosx*]" = "@executable_path/../Frameworks";
				MACOSX_DEPLOYMENT_TARGET = 14.0;
				MARKETING_VERSION = 1.0;
				PRODUCT_BUNDLE_IDENTIFIER = "jchen.App-Recreate";
				PRODUCT_NAME = "$(TARGET_NAME)";
				SDKROOT = auto;
				SUPPORTED_PLATFORMS = "iphoneos iphonesimulator macosx";
				SWIFT_EMIT_LOC_STRINGS = YES;
				SWIFT_VERSION = 5.0;
				TARGETED_DEVICE_FAMILY = "1,2";
			};
			name = Debug;
		};
		C2176B5F2AE082BB007E282A /* Release */ = {
			isa = XCBuildConfiguration;
			buildSettings = {
				ASSETCATALOG_COMPILER_APPICON_NAME = AppIcon;
				ASSETCATALOG_COMPILER_GLOBAL_ACCENT_COLOR_NAME = AccentColor;
				CODE_SIGN_ENTITLEMENTS = "App Recreate/App_Recreate.entitlements";
				CODE_SIGN_STYLE = Automatic;
				CURRENT_PROJECT_VERSION = 1;
				DEVELOPMENT_ASSET_PATHS = "\"App Recreate/Preview Content\"";
				ENABLE_PREVIEWS = YES;
				GENERATE_INFOPLIST_FILE = YES;
				"INFOPLIST_KEY_UIApplicationSceneManifest_Generation[sdk=iphoneos*]" = YES;
				"INFOPLIST_KEY_UIApplicationSceneManifest_Generation[sdk=iphonesimulator*]" = YES;
				"INFOPLIST_KEY_UIApplicationSupportsIndirectInputEvents[sdk=iphoneos*]" = YES;
				"INFOPLIST_KEY_UIApplicationSupportsIndirectInputEvents[sdk=iphonesimulator*]" = YES;
				"INFOPLIST_KEY_UILaunchScreen_Generation[sdk=iphoneos*]" = YES;
				"INFOPLIST_KEY_UILaunchScreen_Generation[sdk=iphonesimulator*]" = YES;
				"INFOPLIST_KEY_UIStatusBarStyle[sdk=iphoneos*]" = UIStatusBarStyleDefault;
				"INFOPLIST_KEY_UIStatusBarStyle[sdk=iphonesimulator*]" = UIStatusBarStyleDefault;
				INFOPLIST_KEY_UISupportedInterfaceOrientations_iPad = "UIInterfaceOrientationPortrait UIInterfaceOrientationPortraitUpsideDown UIInterfaceOrientationLandscapeLeft UIInterfaceOrientationLandscapeRight";
				INFOPLIST_KEY_UISupportedInterfaceOrientations_iPhone = "UIInterfaceOrientationPortrait UIInterfaceOrientationLandscapeLeft UIInterfaceOrientationLandscapeRight";
				IPHONEOS_DEPLOYMENT_TARGET = 17.0;
				LD_RUNPATH_SEARCH_PATHS = "@executable_path/Frameworks";
				"LD_RUNPATH_SEARCH_PATHS[sdk=macosx*]" = "@executable_path/../Frameworks";
				MACOSX_DEPLOYMENT_TARGET = 14.0;
				MARKETING_VERSION = 1.0;
				PRODUCT_BUNDLE_IDENTIFIER = "jchen.App-Recreate";
				PRODUCT_NAME = "$(TARGET_NAME)";
				SDKROOT = auto;
				SUPPORTED_PLATFORMS = "iphoneos iphonesimulator macosx";
				SWIFT_EMIT_LOC_STRINGS = YES;
				SWIFT_VERSION = 5.0;
				TARGETED_DEVICE_FAMILY = "1,2";
			};
			name = Release;
		};
		C2176B612AE082BB007E282A /* Debug */ = {
			isa = XCBuildConfiguration;
			buildSettings = {
				ALWAYS_EMBED_SWIFT_STANDARD_LIBRARIES = YES;
				BUNDLE_LOADER = "$(TEST_HOST)";
				CODE_SIGN_STYLE = Automatic;
				CURRENT_PROJECT_VERSION = 1;
				GENERATE_INFOPLIST_FILE = YES;
				IPHONEOS_DEPLOYMENT_TARGET = 17.0;
				MACOSX_DEPLOYMENT_TARGET = 14.0;
				MARKETING_VERSION = 1.0;
				PRODUCT_BUNDLE_IDENTIFIER = "jchen.App-RecreateTests";
				PRODUCT_NAME = "$(TARGET_NAME)";
				SDKROOT = auto;
				SUPPORTED_PLATFORMS = "iphoneos iphonesimulator macosx";
				SWIFT_EMIT_LOC_STRINGS = NO;
				SWIFT_VERSION = 5.0;
				TARGETED_DEVICE_FAMILY = "1,2";
				TEST_HOST = "$(BUILT_PRODUCTS_DIR)/App Recreate.app/$(BUNDLE_EXECUTABLE_FOLDER_PATH)/App Recreate";
			};
			name = Debug;
		};
		C2176B622AE082BB007E282A /* Release */ = {
			isa = XCBuildConfiguration;
			buildSettings = {
				ALWAYS_EMBED_SWIFT_STANDARD_LIBRARIES = YES;
				BUNDLE_LOADER = "$(TEST_HOST)";
				CODE_SIGN_STYLE = Automatic;
				CURRENT_PROJECT_VERSION = 1;
				GENERATE_INFOPLIST_FILE = YES;
				IPHONEOS_DEPLOYMENT_TARGET = 17.0;
				MACOSX_DEPLOYMENT_TARGET = 14.0;
				MARKETING_VERSION = 1.0;
				PRODUCT_BUNDLE_IDENTIFIER = "jchen.App-RecreateTests";
				PRODUCT_NAME = "$(TARGET_NAME)";
				SDKROOT = auto;
				SUPPORTED_PLATFORMS = "iphoneos iphonesimulator macosx";
				SWIFT_EMIT_LOC_STRINGS = NO;
				SWIFT_VERSION = 5.0;
				TARGETED_DEVICE_FAMILY = "1,2";
				TEST_HOST = "$(BUILT_PRODUCTS_DIR)/App Recreate.app/$(BUNDLE_EXECUTABLE_FOLDER_PATH)/App Recreate";
			};
			name = Release;
		};
		C2176B642AE082BB007E282A /* Debug */ = {
			isa = XCBuildConfiguration;
			buildSettings = {
				ALWAYS_EMBED_SWIFT_STANDARD_LIBRARIES = YES;
				CODE_SIGN_STYLE = Automatic;
				CURRENT_PROJECT_VERSION = 1;
				GENERATE_INFOPLIST_FILE = YES;
				IPHONEOS_DEPLOYMENT_TARGET = 17.0;
				MACOSX_DEPLOYMENT_TARGET = 14.0;
				MARKETING_VERSION = 1.0;
				PRODUCT_BUNDLE_IDENTIFIER = "jchen.App-RecreateUITests";
				PRODUCT_NAME = "$(TARGET_NAME)";
				SDKROOT = auto;
				SUPPORTED_PLATFORMS = "iphoneos iphonesimulator macosx";
				SWIFT_EMIT_LOC_STRINGS = NO;
				SWIFT_VERSION = 5.0;
				TARGETED_DEVICE_FAMILY = "1,2";
				TEST_TARGET_NAME = "App Recreate";
			};
			name = Debug;
		};
		C2176B652AE082BB007E282A /* Release */ = {
			isa = XCBuildConfiguration;
			buildSettings = {
				ALWAYS_EMBED_SWIFT_STANDARD_LIBRARIES = YES;
				CODE_SIGN_STYLE = Automatic;
				CURRENT_PROJECT_VERSION = 1;
				GENERATE_INFOPLIST_FILE = YES;
				IPHONEOS_DEPLOYMENT_TARGET = 17.0;
				MACOSX_DEPLOYMENT_TARGET = 14.0;
				MARKETING_VERSION = 1.0;
				PRODUCT_BUNDLE_IDENTIFIER = "jchen.App-RecreateUITests";
				PRODUCT_NAME = "$(TARGET_NAME)";
				SDKROOT = auto;
				SUPPORTED_PLATFORMS = "iphoneos iphonesimulator macosx";
				SWIFT_EMIT_LOC_STRINGS = NO;
				SWIFT_VERSION = 5.0;
				TARGETED_DEVICE_FAMILY = "1,2";
				TEST_TARGET_NAME = "App Recreate";
			};
			name = Release;
		};
/* End XCBuildConfiguration section */

/* Begin XCConfigurationList section */
		C2176B332AE082B6007E282A /* Build configuration list for PBXProject "App Recreate" */ = {
			isa = XCConfigurationList;
			buildConfigurations = (
				C2176B5B2AE082BB007E282A /* Debug */,
				C2176B5C2AE082BB007E282A /* Release */,
			);
			defaultConfigurationIsVisible = 0;
			defaultConfigurationName = Release;
		};
		C2176B5D2AE082BB007E282A /* Build configuration list for PBXNativeTarget "App Recreate" */ = {
			isa = XCConfigurationList;
			buildConfigurations = (
				C2176B5E2AE082BB007E282A /* Debug */,
				C2176B5F2AE082BB007E282A /* Release */,
			);
			defaultConfigurationIsVisible = 0;
			defaultConfigurationName = Release;
		};
		C2176B602AE082BB007E282A /* Build configuration list for PBXNativeTarget "App RecreateTests" */ = {
			isa = XCConfigurationList;
			buildConfigurations = (
				C2176B612AE082BB007E282A /* Debug */,
				C2176B622AE082BB007E282A /* Release */,
			);
			defaultConfigurationIsVisible = 0;
			defaultConfigurationName = Release;
		};
		C2176B632AE082BB007E282A /* Build configuration list for PBXNativeTarget "App RecreateUITests" */ = {
			isa = XCConfigurationList;
			buildConfigurations = (
				C2176B642AE082BB007E282A /* Debug */,
				C2176B652AE082BB007E282A /* Release */,
			);
			defaultConfigurationIsVisible = 0;
			defaultConfigurationName = Release;
		};
/* End XCConfigurationList section */
	};
	rootObject = C2176B302AE082B6007E282A /* Project object */;
}
